
Microsoft Visual Studio Solution File, Format Version 12.00
# Visual Studio Version 17
VisualStudioVersion = 17.14.36429.23
MinimumVisualStudioVersion = 10.0.40219.1
Project("{8BC9CEB8-8B4A-11D0-8D11-00A0C91BC942}") = "Binarno_Pretrazivanje", "Binarno_Pretrazivanje\Binarno_Pretrazivanje.vcxproj", "{8C90DF36-6CAF-4F52-9DCB-714958D0DA37}"
EndProject
Project("{8BC9CEB8-8B4A-11D0-8D11-00A0C91BC942}") = "Metoda_Mjehurica", "Metoda_Mjehurica\Metoda_Mjehurica.vcxproj", "{BC90CC65-B405-4163-8548-53C278EF7D80}"
EndProject
Project("{8BC9CEB8-8B4A-11D0-8D11-00A0C91BC942}") = "Ispiti", "Ispiti\Ispiti.vcxproj", "{C48A9138-A4CF-4874-A7D7-5A13AC87E620}"
EndProject
Project("{8BC9CEB8-8B4A-11D0-8D11-00A0C91BC942}") = "Funkcije", "Funkcije\Funkcije.vcxproj", "{E1D53B4A-1154-4271-8F6C-A6EF66E02762}"
EndProject
Project("{8BC9CEB8-8B4A-11D0-8D11-00A0C91BC942}") = "Pokazivaci", "Pokazivaci\Pokazivaci.vcxproj", "{E55BD0AC-C52B-4F19-95C5-CBFAAD8E197E}"
EndProject
Global
	GlobalSection(SolutionConfigurationPlatforms) = preSolution
		Debug|x64 = Debug|x64
		Debug|x86 = Debug|x86
		Release|x64 = Release|x64
		Release|x86 = Release|x86
	EndGlobalSection
	GlobalSection(ProjectConfigurationPlatforms) = postSolution
		{8C90DF36-6CAF-4F52-9DCB-714958D0DA37}.Debug|x64.ActiveCfg = Debug|x64
		{8C90DF36-6CAF-4F52-9DCB-714958D0DA37}.Debug|x64.Build.0 = Debug|x64
		{8C90DF36-6CAF-4F52-9DCB-714958D0DA37}.Debug|x86.ActiveCfg = Debug|Win32
		{8C90DF36-6CAF-4F52-9DCB-714958D0DA37}.Debug|x86.Build.0 = Debug|Win32
		{8C90DF36-6CAF-4F52-9DCB-714958D0DA37}.Release|x64.ActiveCfg = Release|x64
		{8C90DF36-6CAF-4F52-9DCB-714958D0DA37}.Release|x64.Build.0 = Release|x64
		{8C90DF36-6CAF-4F52-9DCB-714958D0DA37}.Release|x86.ActiveCfg = Release|Win32
		{8C90DF36-6CAF-4F52-9DCB-714958D0DA37}.Release|x86.Build.0 = Release|Win32
		{BC90CC65-B405-4163-8548-53C278EF7D80}.Debug|x64.ActiveCfg = Debug|x64
		{BC90CC65-B405-4163-8548-53C278EF7D80}.Debug|x64.Build.0 = Debug|x64
		{BC90CC65-B405-4163-8548-53C278EF7D80}.Debug|x86.ActiveCfg = Debug|Win32
		{BC90CC65-B405-4163-8548-53C278EF7D80}.Debug|x86.Build.0 = Debug|Win32
		{BC90CC65-B405-4163-8548-53C278EF7D80}.Release|x64.ActiveCfg = Release|x64
		{BC90CC65-B405-4163-8548-53C278EF7D80}.Release|x64.Build.0 = Release|x64
		{BC90CC65-B405-4163-8548-53C278EF7D80}.Release|x86.ActiveCfg = Release|Win32
		{BC90CC65-B405-4163-8548-53C278EF7D80}.Release|x86.Build.0 = Release|Win32
		{C48A9138-A4CF-4874-A7D7-5A13AC87E620}.Debug|x64.ActiveCfg = Debug|x64
		{C48A9138-A4CF-4874-A7D7-5A13AC87E620}.Debug|x64.Build.0 = Debug|x64
		{C48A9138-A4CF-4874-A7D7-5A13AC87E620}.Debug|x86.ActiveCfg = Debug|Win32
		{C48A9138-A4CF-4874-A7D7-5A13AC87E620}.Debug|x86.Build.0 = Debug|Win32
		{C48A9138-A4CF-4874-A7D7-5A13AC87E620}.Release|x64.ActiveCfg = Release|x64
		{C48A9138-A4CF-4874-A7D7-5A13AC87E620}.Release|x64.Build.0 = Release|x64
		{C48A9138-A4CF-4874-A7D7-5A13AC87E620}.Release|x86.ActiveCfg = Release|Win32
		{C48A9138-A4CF-4874-A7D7-5A13AC87E620}.Release|x86.Build.0 = Release|Win32
		{E1D53B4A-1154-4271-8F6C-A6EF66E02762}.Debug|x64.ActiveCfg = Debug|x64
		{E1D53B4A-1154-4271-8F6C-A6EF66E02762}.Debug|x64.Build.0 = Debug|x64
		{E1D53B4A-1154-4271-8F6C-A6EF66E02762}.Debug|x86.ActiveCfg = Debug|Win32
		{E1D53B4A-1154-4271-8F6C-A6EF66E02762}.Debug|x86.Build.0 = Debug|Win32
		{E1D53B4A-1154-4271-8F6C-A6EF66E02762}.Release|x64.ActiveCfg = Release|x64
		{E1D53B4A-1154-4271-8F6C-A6EF66E02762}.Release|x64.Build.0 = Release|x64
		{E1D53B4A-1154-4271-8F6C-A6EF66E02762}.Release|x86.ActiveCfg = Release|Win32
		{E1D53B4A-1154-4271-8F6C-A6EF66E02762}.Release|x86.Build.0 = Release|Win32
		{E55BD0AC-C52B-4F19-95C5-CBFAAD8E197E}.Debug|x64.ActiveCfg = Debug|x64
		{E55BD0AC-C52B-4F19-95C5-CBFAAD8E197E}.Debug|x64.Build.0 = Debug|x64
		{E55BD0AC-C52B-4F19-95C5-CBFAAD8E197E}.Debug|x86.ActiveCfg = Debug|Win32
		{E55BD0AC-C52B-4F19-95C5-CBFAAD8E197E}.Debug|x86.Build.0 = Debug|Win32
		{E55BD0AC-C52B-4F19-95C5-CBFAAD8E197E}.Release|x64.ActiveCfg = Release|x64
		{E55BD0AC-C52B-4F19-95C5-CBFAAD8E197E}.Release|x64.Build.0 = Release|x64
		{E55BD0AC-C52B-4F19-95C5-CBFAAD8E197E}.Release|x86.ActiveCfg = Release|Win32
		{E55BD0AC-C52B-4F19-95C5-CBFAAD8E197E}.Release|x86.Build.0 = Release|Win32
	EndGlobalSection
	GlobalSection(SolutionProperties) = preSolution
		HideSolutionNode = FALSE
	EndGlobalSection
	GlobalSection(ExtensibilityGlobals) = postSolution
		SolutionGuid = {A37144A0-5E05-4609-9F34-CAD8F84B6A04}
	EndGlobalSection
EndGlobal
